
Microsoft Visual Studio Solution File, Format Version 12.00
# Visual Studio Version 17
VisualStudioVersion = 17.7.34202.233
MinimumVisualStudioVersion = 10.0.40219.1
Project("{FAE04EC0-301F-11D3-BF4B-00C04F79EFBC}") = "DynaCodingChallenge", "DynaCodingChallenge\DynaCodingChallenge.csproj", "{736471AE-0F2A-445C-817F-DF84F3587825}"
EndProject
Global
	GlobalSection(SolutionConfigurationPlatforms) = preSolution
		Debug|Any CPU = Debug|Any CPU
		Release|Any CPU = Release|Any CPU
	EndGlobalSection
	GlobalSection(ProjectConfigurationPlatforms) = postSolution
		{736471AE-0F2A-445C-817F-DF84F3587825}.Debug|Any CPU.ActiveCfg = Debug|Any CPU
		{736471AE-0F2A-445C-817F-DF84F3587825}.Debug|Any CPU.Build.0 = Debug|Any CPU
		{736471AE-0F2A-445C-817F-DF84F3587825}.Release|Any CPU.ActiveCfg = Release|Any CPU
		{736471AE-0F2A-445C-817F-DF84F3587825}.Release|Any CPU.Build.0 = Release|Any CPU
	EndGlobalSection
	GlobalSection(SolutionProperties) = preSolution
		HideSolutionNode = FALSE
	EndGlobalSection
	GlobalSection(ExtensibilityGlobals) = postSolution
		SolutionGuid = {73FB65BE-D57C-4E41-9DD2-F65CF0C140A5}
	EndGlobalSection
EndGlobal
